
Microsoft Visual Studio Solution File, Format Version 12.00
# Visual Studio Version 17
VisualStudioVersion = 17.0.31903.59
MinimumVisualStudioVersion = 10.0.40219.1
Project("{2150E333-8FDC-42A3-9474-1A3956D46DE8}") = "extensions", "extensions", "{BE133D91-034E-1084-498B-FF24C4084A55}"
EndProject
Project("{2150E333-8FDC-42A3-9474-1A3956D46DE8}") = "visualstudio", "visualstudio", "{1EB054A7-FD72-9903-0503-4A2558B393DE}"
EndProject
Project("{FAE04EC0-301F-11D3-BF4B-00C04F79EFBC}") = "Prompter.VisualStudio", "extensions\visualstudio\Prompter.VisualStudio\Prompter.VisualStudio.csproj", "{D6934EC9-DCAF-4777-B35C-3DC4DF3C4F86}"
EndProject
Global
	GlobalSection(SolutionConfigurationPlatforms) = preSolution
		Debug|Any CPU = Debug|Any CPU
		Debug|x64 = Debug|x64
		Debug|x86 = Debug|x86
		Release|Any CPU = Release|Any CPU
		Release|x64 = Release|x64
		Release|x86 = Release|x86
	EndGlobalSection
	GlobalSection(ProjectConfigurationPlatforms) = postSolution
		{D6934EC9-DCAF-4777-B35C-3DC4DF3C4F86}.Debug|Any CPU.ActiveCfg = Debug|Any CPU
		{D6934EC9-DCAF-4777-B35C-3DC4DF3C4F86}.Debug|Any CPU.Build.0 = Debug|Any CPU
		{D6934EC9-DCAF-4777-B35C-3DC4DF3C4F86}.Debug|x64.ActiveCfg = Debug|Any CPU
		{D6934EC9-DCAF-4777-B35C-3DC4DF3C4F86}.Debug|x64.Build.0 = Debug|Any CPU
		{D6934EC9-DCAF-4777-B35C-3DC4DF3C4F86}.Debug|x86.ActiveCfg = Debug|Any CPU
		{D6934EC9-DCAF-4777-B35C-3DC4DF3C4F86}.Debug|x86.Build.0 = Debug|Any CPU
		{D6934EC9-DCAF-4777-B35C-3DC4DF3C4F86}.Release|Any CPU.ActiveCfg = Release|Any CPU
		{D6934EC9-DCAF-4777-B35C-3DC4DF3C4F86}.Release|Any CPU.Build.0 = Release|Any CPU
		{D6934EC9-DCAF-4777-B35C-3DC4DF3C4F86}.Release|x64.ActiveCfg = Release|Any CPU
		{D6934EC9-DCAF-4777-B35C-3DC4DF3C4F86}.Release|x64.Build.0 = Release|Any CPU
		{D6934EC9-DCAF-4777-B35C-3DC4DF3C4F86}.Release|x86.ActiveCfg = Release|Any CPU
		{D6934EC9-DCAF-4777-B35C-3DC4DF3C4F86}.Release|x86.Build.0 = Release|Any CPU
	EndGlobalSection
	GlobalSection(SolutionProperties) = preSolution
		HideSolutionNode = FALSE
	EndGlobalSection
	GlobalSection(NestedProjects) = preSolution
		{1EB054A7-FD72-9903-0503-4A2558B393DE} = {BE133D91-034E-1084-498B-FF24C4084A55}
		{D6934EC9-DCAF-4777-B35C-3DC4DF3C4F86} = {1EB054A7-FD72-9903-0503-4A2558B393DE}
	EndGlobalSection
EndGlobal
